<?xml version="1.0" encoding="utf-8"?>
<Project ToolsVersion="4.0" xmlns="http://schemas.microsoft.com/developer/msbuild/2003">
  <ItemGroup>
    <ClCompile Include="audio.cpp" />
    <ClCompile Include="bullet.cpp" />
    <ClCompile Include="collisionTypes.cpp" />
    <ClCompile Include="enemyTank.cpp" />
    <ClCompile Include="entity.cpp" />
    <ClCompile Include="game.cpp" />
    <ClCompile Include="graphics.cpp" />
    <ClCompile Include="image.cpp" />
    <ClCompile Include="input.cpp" />
    <ClCompile Include="patternStep.cpp" />
    <ClCompile Include="playerTank.cpp" />
    <ClCompile Include="ship.cpp" />
    <ClCompile Include="tankHead.cpp" />
    <ClCompile Include="textureManager.cpp" />
    <ClCompile Include="wall.cpp" />
    <ClCompile Include="winmain.cpp" />
    <ClCompile Include="murray.cpp" />
    <ClCompile Include="gill.cpp" />
    <ClCompile Include="textDX.cpp" />
  </ItemGroup>
  <ItemGroup>
    <ClInclude Include="audio.h" />
    <ClInclude Include="bullet.h" />
    <ClInclude Include="collisionTypes.h" />
    <ClInclude Include="constants.h" />
    <ClInclude Include="enemyTank.h" />
    <ClInclude Include="entity.h" />
    <ClInclude Include="game.h" />
    <ClInclude Include="gameError.h" />
    <ClInclude Include="graphics.h" />
    <ClInclude Include="image.h" />
    <ClInclude Include="input.h" />
    <ClInclude Include="patternStep.h" />
    <ClInclude Include="playerTank.h" />
    <ClInclude Include="ship.h" />
    <ClInclude Include="shotBuffer.h" />
    <ClInclude Include="tankHead.h" />
    <ClInclude Include="textureManager.h" />
    <ClInclude Include="wall.h" />
    <ClInclude Include="murray.h" />
    <ClInclude Include="gill.h" />
    <ClInclude Include="textDX.h" />
  </ItemGroup>
</Project>